
Microsoft Visual Studio Solution File, Format Version 12.00
# Visual Studio Version 17
VisualStudioVersion = 17.0.31612.314
MinimumVisualStudioVersion = 10.0.40219.1
Project("{FAE04EC0-301F-11D3-BF4B-00C04F79EFBC}") = "HashTable", "HashTable\HashTable.csproj", "{62B5FBEB-D4CE-4B03-899E-E5189F3DD49C}"
EndProject
Global
	GlobalSection(SolutionConfigurationPlatforms) = preSolution
		Debug|Any CPU = Debug|Any CPU
		Release|Any CPU = Release|Any CPU
	EndGlobalSection
	GlobalSection(ProjectConfigurationPlatforms) = postSolution
		{62B5FBEB-D4CE-4B03-899E-E5189F3DD49C}.Debug|Any CPU.ActiveCfg = Debug|Any CPU
		{62B5FBEB-D4CE-4B03-899E-E5189F3DD49C}.Debug|Any CPU.Build.0 = Debug|Any CPU
		{62B5FBEB-D4CE-4B03-899E-E5189F3DD49C}.Release|Any CPU.ActiveCfg = Release|Any CPU
		{62B5FBEB-D4CE-4B03-899E-E5189F3DD49C}.Release|Any CPU.Build.0 = Release|Any CPU
	EndGlobalSection
	GlobalSection(SolutionProperties) = preSolution
		HideSolutionNode = FALSE
	EndGlobalSection
	GlobalSection(ExtensibilityGlobals) = postSolution
		SolutionGuid = {63E6E683-2148-4CA5-A529-4C1733B32A48}
	EndGlobalSection
EndGlobal
